Microsoft Visual Studio Solution File, Format Version 10.00
# Visual C++ Express 2008
Project("{8BC9CEB8-8B4A-11D0-8D11-00A0C91BC942}") = "BlueMonday-88", "BlueMonday-88\BlueMonday-88.forvc9.vcproj", "{F551FE4F-40E8-4E9A-9BF4-5EC3DAEFCC84}"
EndProject
Global
	GlobalSection(SolutionConfigurationPlatforms) = preSolution
		Debug|Win32 = Debug|Win32
		Release|Win32 = Release|Win32
	EndGlobalSection
	GlobalSection(ProjectConfigurationPlatforms) = postSolution
		{F551FE4F-40E8-4E9A-9BF4-5EC3DAEFCC84}.Debug|Win32.ActiveCfg = Debug|Win32
		{F551FE4F-40E8-4E9A-9BF4-5EC3DAEFCC84}.Debug|Win32.Build.0 = Debug|Win32
		{F551FE4F-40E8-4E9A-9BF4-5EC3DAEFCC84}.Release|Win32.ActiveCfg = Release|Win32
		{F551FE4F-40E8-4E9A-9BF4-5EC3DAEFCC84}.Release|Win32.Build.0 = Release|Win32
	EndGlobalSection
	GlobalSection(SolutionProperties) = preSolution
		HideSolutionNode = FALSE
	EndGlobalSection
EndGlobal
